
Microsoft Visual Studio Solution File, Format Version 12.00
# Visual Studio Version 16
VisualStudioVersion = 16.0.30621.155
MinimumVisualStudioVersion = 10.0.40219.1
Project("{FAE04EC0-301F-11D3-BF4B-00C04F79EFBC}") = "BlazorCRUD", "BlazorCRUD\BlazorCRUD.csproj", "{3600BA94-5197-490E-A049-E656710F27B7}"
EndProject
Global
	GlobalSection(SolutionConfigurationPlatforms) = preSolution
		Debug|Any CPU = Debug|Any CPU
		Release|Any CPU = Release|Any CPU
	EndGlobalSection
	GlobalSection(ProjectConfigurationPlatforms) = postSolution
		{3600BA94-5197-490E-A049-E656710F27B7}.Debug|Any CPU.ActiveCfg = Debug|Any CPU
		{3600BA94-5197-490E-A049-E656710F27B7}.Debug|Any CPU.Build.0 = Debug|Any CPU
		{3600BA94-5197-490E-A049-E656710F27B7}.Release|Any CPU.ActiveCfg = Release|Any CPU
		{3600BA94-5197-490E-A049-E656710F27B7}.Release|Any CPU.Build.0 = Release|Any CPU
	EndGlobalSection
	GlobalSection(SolutionProperties) = preSolution
		HideSolutionNode = FALSE
	EndGlobalSection
	GlobalSection(ExtensibilityGlobals) = postSolution
		SolutionGuid = {FA248B09-03A6-42DC-B015-0ADC97196BDE}
	EndGlobalSection
EndGlobal
